// !$*UTF8*$!
{
	archiveVersion = 1;
	classes = {
	};
	objectVersion = 50;
	objects = {

/* Begin PBXBuildFile section */
		7F70F58750FBE9ECBD62D854 /* Pods_Todo.framework in Frameworks */ = {isa = PBXBuildFile; fileRef = 87EFB5F37FDD2CA59ACE2A88 /* Pods_Todo.framework */; };
		BE5C980521E50A5F007722A7 /* CategoryViewController.swift in Sources */ = {isa = PBXBuildFile; fileRef = BE5C980421E50A5F007722A7 /* CategoryViewController.swift */; };
		BE7D9EB121DBB272002BBCDC /* AppDelegate.swift in Sources */ = {isa = PBXBuildFile; fileRef = BE7D9EB021DBB272002BBCDC /* AppDelegate.swift */; };
		BE7D9EB621DBB272002BBCDC /* Main.storyboard in Resources */ = {isa = PBXBuildFile; fileRef = BE7D9EB421DBB272002BBCDC /* Main.storyboard */; };
		BE7D9EB821DBB273002BBCDC /* Assets.xcassets in Resources */ = {isa = PBXBuildFile; fileRef = BE7D9EB721DBB273002BBCDC /* Assets.xcassets */; };
		BE7D9EBB21DBB273002BBCDC /* LaunchScreen.storyboard in Resources */ = {isa = PBXBuildFile; fileRef = BE7D9EB921DBB273002BBCDC /* LaunchScreen.storyboard */; };
		BE7D9EC321DBB2EC002BBCDC /* ListTableViewController.swift in Sources */ = {isa = PBXBuildFile; fileRef = BE7D9EC221DBB2EC002BBCDC /* ListTableViewController.swift */; };
		BE811A4C21E98DBF0028355A /* Item.swift in Sources */ = {isa = PBXBuildFile; fileRef = BE811A4B21E98DBF0028355A /* Item.swift */; };
		BE811A4E21E98E7F0028355A /* Category.swift in Sources */ = {isa = PBXBuildFile; fileRef = BE811A4D21E98E7F0028355A /* Category.swift */; };
		BED62CF921EBBA6F00B0D1D0 /* SwipeTableViewController.swift in Sources */ = {isa = PBXBuildFile; fileRef = BED62CF821EBBA6F00B0D1D0 /* SwipeTableViewController.swift */; };
/* End PBXBuildFile section */

/* Begin PBXFileReference section */
		5E54D147C1E3AEC3C61D6A8A /* Pods-Todo.debug.xcconfig */ = {isa = PBXFileReference; includeInIndex = 1; lastKnownFileType = text.xcconfig; name = "Pods-Todo.debug.xcconfig"; path = "Pods/Target Support Files/Pods-Todo/Pods-Todo.debug.xcconfig"; sourceTree = "<group>"; };
		87EFB5F37FDD2CA59ACE2A88 /* Pods_Todo.framework */ = {isa = PBXFileReference; explicitFileType = wrapper.framework; includeInIndex = 0; path = Pods_Todo.framework; sourceTree = BUILT_PRODUCTS_DIR; };
		BE5C980421E50A5F007722A7 /* CategoryViewController.swift */ = {isa = PBXFileReference; lastKnownFileType = sourcecode.swift; name = CategoryViewController.swift; path = Todo/Controller/CategoryViewController.swift; sourceTree = SOURCE_ROOT; };
		BE7D9EAD21DBB272002BBCDC /* Todo.app */ = {isa = PBXFileReference; explicitFileType = wrapper.application; includeInIndex = 0; path = Todo.app; sourceTree = BUILT_PRODUCTS_DIR; };
		BE7D9EB021DBB272002BBCDC /* AppDelegate.swift */ = {isa = PBXFileReference; lastKnownFileType = sourcecode.swift; path = AppDelegate.swift; sourceTree = "<group>"; };
		BE7D9EB521DBB272002BBCDC /* Base */ = {isa = PBXFileReference; lastKnownFileType = file.storyboard; name = Base; path = Base.lproj/Main.storyboard; sourceTree = "<group>"; };
		BE7D9EB721DBB273002BBCDC /* Assets.xcassets */ = {isa = PBXFileReference; lastKnownFileType = folder.assetcatalog; path = Assets.xcassets; sourceTree = "<group>"; };
		BE7D9EBA21DBB273002BBCDC /* Base */ = {isa = PBXFileReference; lastKnownFileType = file.storyboard; name = Base; path = Base.lproj/LaunchScreen.storyboard; sourceTree = "<group>"; };
		BE7D9EBC21DBB273002BBCDC /* Info.plist */ = {isa = PBXFileReference; lastKnownFileType = text.plist.xml; path = Info.plist; sourceTree = "<group>"; };
		BE7D9EC221DBB2EC002BBCDC /* ListTableViewController.swift */ = {isa = PBXFileReference; lastKnownFileType = sourcecode.swift; path = ListTableViewController.swift; sourceTree = "<group>"; };
		BE811A4B21E98DBF0028355A /* Item.swift */ = {isa = PBXFileReference; lastKnownFileType = sourcecode.swift; path = Item.swift; sourceTree = "<group>"; };
		BE811A4D21E98E7F0028355A /* Category.swift */ = {isa = PBXFileReference; lastKnownFileType = sourcecode.swift; path = Category.swift; sourceTree = "<group>"; };
		BED62CF821EBBA6F00B0D1D0 /* SwipeTableViewController.swift */ = {isa = PBXFileReference; lastKnownFileType = sourcecode.swift; path = SwipeTableViewController.swift; sourceTree = "<group>"; };
		F7A5D892CD12C1EDBA735506 /* Pods-Todo.release.xcconfig */ = {isa = PBXFileReference; includeInIndex = 1; lastKnownFileType = text.xcconfig; name = "Pods-Todo.release.xcconfig"; path = "Pods/Target Support Files/Pods-Todo/Pods-Todo.release.xcconfig"; sourceTree = "<group>"; };
/* End PBXFileReference section */

/* Begin PBXFrameworksBuildPhase section */
		BE7D9EAA21DBB272002BBCDC /* Frameworks */ = {
			isa = PBXFrameworksBuildPhase;
			buildActionMask = 2147483647;
			files = (
				7F70F58750FBE9ECBD62D854 /* Pods_Todo.framework in Frameworks */,
			);
			runOnlyForDeploymentPostprocessing = 0;
		};
/* End PBXFrameworksBuildPhase section */

/* Begin PBXGroup section */
		5362B821CFE9D9685675512B /* Frameworks */ = {
			isa = PBXGroup;
			children = (
				87EFB5F37FDD2CA59ACE2A88 /* Pods_Todo.framework */,
			);
			name = Frameworks;
			sourceTree = "<group>";
		};
		BE259B6621DC65CB0094C7FE /* Supporting Files */ = {
			isa = PBXGroup;
			children = (
				BE7D9EB721DBB273002BBCDC /* Assets.xcassets */,
			);
			path = "Supporting Files";
			sourceTree = "<group>";
		};
		BE259B6721DC65D60094C7FE /* Model */ = {
			isa = PBXGroup;
			children = (
				BE811A4D21E98E7F0028355A /* Category.swift */,
				BE811A4B21E98DBF0028355A /* Item.swift */,
			);
			path = Model;
			sourceTree = "<group>";
		};
		BE259B6821DC66040094C7FE /* View */ = {
			isa = PBXGroup;
			children = (
				BE7D9EB421DBB272002BBCDC /* Main.storyboard */,
				BE7D9EB921DBB273002BBCDC /* LaunchScreen.storyboard */,
			);
			path = View;
			sourceTree = "<group>";
		};
		BE259B6921DC662E0094C7FE /* Controller */ = {
			isa = PBXGroup;
			children = (
				BED62CF821EBBA6F00B0D1D0 /* SwipeTableViewController.swift */,
				BE5C980421E50A5F007722A7 /* CategoryViewController.swift */,
				BE7D9EC221DBB2EC002BBCDC /* ListTableViewController.swift */,
			);
			path = Controller;
			sourceTree = "<group>";
		};
		BE7D9EA421DBB272002BBCDC = {
			isa = PBXGroup;
			children = (
				BE7D9EAF21DBB272002BBCDC /* Todo */,
				BE7D9EAE21DBB272002BBCDC /* Products */,
				FD236E5E54A43786F478F3F7 /* Pods */,
				5362B821CFE9D9685675512B /* Frameworks */,
			);
			sourceTree = "<group>";
		};
		BE7D9EAE21DBB272002BBCDC /* Products */ = {
			isa = PBXGroup;
			children = (
				BE7D9EAD21DBB272002BBCDC /* Todo.app */,
			);
			name = Products;
			sourceTree = "<group>";
		};
		BE7D9EAF21DBB272002BBCDC /* Todo */ = {
			isa = PBXGroup;
			children = (
				BE7D9EBC21DBB273002BBCDC /* Info.plist */,
				BE7D9EB021DBB272002BBCDC /* AppDelegate.swift */,
				BE259B6921DC662E0094C7FE /* Controller */,
				BE259B6721DC65D60094C7FE /* Model */,
				BE259B6621DC65CB0094C7FE /* Supporting Files */,
				BE259B6821DC66040094C7FE /* View */,
			);
			path = Todo;
			sourceTree = "<group>";
		};
		FD236E5E54A43786F478F3F7 /* Pods */ = {
			isa = PBXGroup;
			children = (
				5E54D147C1E3AEC3C61D6A8A /* Pods-Todo.debug.xcconfig */,
				F7A5D892CD12C1EDBA735506 /* Pods-Todo.release.xcconfig */,
			);
			name = Pods;
			sourceTree = "<group>";
		};
/* End PBXGroup section */

/* Begin PBXNativeTarget section */
		BE7D9EAC21DBB272002BBCDC /* Todo */ = {
			isa = PBXNativeTarget;
			buildConfigurationList = BE7D9EBF21DBB273002BBCDC /* Build configuration list for PBXNativeTarget "Todo" */;
			buildPhases = (
				7B9F83A459383C49D0DDE649 /* [CP] Check Pods Manifest.lock */,
				BE7D9EA921DBB272002BBCDC /* Sources */,
				BE7D9EAA21DBB272002BBCDC /* Frameworks */,
				BE7D9EAB21DBB272002BBCDC /* Resources */,
				8CB410BDA3BA88349F7A29E6 /* [CP] Embed Pods Frameworks */,
			);
			buildRules = (
			);
			dependencies = (
			);
			name = Todo;
			productName = Todo;
			productReference = BE7D9EAD21DBB272002BBCDC /* Todo.app */;
			productType = "com.apple.product-type.application";
		};
/* End PBXNativeTarget section */

/* Begin PBXProject section */
		BE7D9EA521DBB272002BBCDC /* Project object */ = {
			isa = PBXProject;
			attributes = {
				LastSwiftUpdateCheck = 1010;
				LastUpgradeCheck = 1010;
				ORGANIZATIONNAME = "Eldon Jiang";
				TargetAttributes = {
					BE7D9EAC21DBB272002BBCDC = {
						CreatedOnToolsVersion = 10.1;
					};
				};
			};
			buildConfigurationList = BE7D9EA821DBB272002BBCDC /* Build configuration list for PBXProject "Todo" */;
			compatibilityVersion = "Xcode 9.3";
			developmentRegion = en;
			hasScannedForEncodings = 0;
			knownRegions = (
				en,
				Base,
			);
			mainGroup = BE7D9EA421DBB272002BBCDC;
			productRefGroup = BE7D9EAE21DBB272002BBCDC /* Products */;
			projectDirPath = "";
			projectRoot = "";
			targets = (
				BE7D9EAC21DBB272002BBCDC /* Todo */,
			);
		};
/* End PBXProject section */

/* Begin PBXResourcesBuildPhase section */
		BE7D9EAB21DBB272002BBCDC /* Resources */ = {
			isa = PBXResourcesBuildPhase;
			buildActionMask = 2147483647;
			files = (
				BE7D9EBB21DBB273002BBCDC /* LaunchScreen.storyboard in Resources */,
				BE7D9EB821DBB273002BBCDC /* Assets.xcassets in Resources */,
				BE7D9EB621DBB272002BBCDC /* Main.storyboard in Resources */,
			);
			runOnlyForDeploymentPostprocessing = 0;
		};
/* End PBXResourcesBuildPhase section */

/* Begin PBXShellScriptBuildPhase section */
		7B9F83A459383C49D0DDE649 /* [CP] Check Pods Manifest.lock */ = {
			isa = PBXShellScriptBuildPhase;
			buildActionMask = 2147483647;
			files = (
			);
			inputFileListPaths = (
			);
			inputPaths = (
				"${PODS_PODFILE_DIR_PATH}/Podfile.lock",
				"${PODS_ROOT}/Manifest.lock",
			);
			name = "[CP] Check Pods Manifest.lock";
			outputFileListPaths = (
			);
			outputPaths = (
				"$(DERIVED_FILE_DIR)/Pods-Todo-checkManifestLockResult.txt",
			);
			runOnlyForDeploymentPostprocessing = 0;
			shellPath = /bin/sh;
			shellScript = "diff \"${PODS_PODFILE_DIR_PATH}/Podfile.lock\" \"${PODS_ROOT}/Manifest.lock\" > /dev/null\nif [ $? != 0 ] ; then\n    # print error to STDERR\n    echo \"error: The sandbox is not in sync with the Podfile.lock. Run 'pod install' or update your CocoaPods installation.\" >&2\n    exit 1\nfi\n# This output is used by Xcode 'outputs' to avoid re-running this script phase.\necho \"SUCCESS\" > \"${SCRIPT_OUTPUT_FILE_0}\"\n";
			showEnvVarsInLog = 0;
		};
		8CB410BDA3BA88349F7A29E6 /* [CP] Embed Pods Frameworks */ = {
			isa = PBXShellScriptBuildPhase;
			buildActionMask = 2147483647;
			files = (
			);
			inputFileListPaths = (
			);
			inputPaths = (
				"${SRCROOT}/Pods/Target Support Files/Pods-Todo/Pods-Todo-frameworks.sh",
				"${BUILT_PRODUCTS_DIR}/Realm/Realm.framework",
				"${BUILT_PRODUCTS_DIR}/RealmSwift/RealmSwift.framework",
				"${BUILT_PRODUCTS_DIR}/SwipeCellKit/SwipeCellKit.framework",
			);
			name = "[CP] Embed Pods Frameworks";
			outputFileListPaths = (
			);
			outputPaths = (
				"${TARGET_BUILD_DIR}/${FRAMEWORKS_FOLDER_PATH}/Realm.framework",
				"${TARGET_BUILD_DIR}/${FRAMEWORKS_FOLDER_PATH}/RealmSwift.framework",
				"${TARGET_BUILD_DIR}/${FRAMEWORKS_FOLDER_PATH}/SwipeCellKit.framework",
			);
			runOnlyForDeploymentPostprocessing = 0;
			shellPath = /bin/sh;
			shellScript = "\"${SRCROOT}/Pods/Target Support Files/Pods-Todo/Pods-Todo-frameworks.sh\"\n";
			showEnvVarsInLog = 0;
		};
/* End PBXShellScriptBuildPhase section */

/* Begin PBXSourcesBuildPhase section */
		BE7D9EA921DBB272002BBCDC /* Sources */ = {
			isa = PBXSourcesBuildPhase;
			buildActionMask = 2147483647;
			files = (
				BE5C980521E50A5F007722A7 /* CategoryViewController.swift in Sources */,
				BE811A4E21E98E7F0028355A /* Category.swift in Sources */,
				BE811A4C21E98DBF0028355A /* Item.swift in Sources */,
				BE7D9EC321DBB2EC002BBCDC /* ListTableViewController.swift in Sources */,
				BED62CF921EBBA6F00B0D1D0 /* SwipeTableViewController.swift in Sources */,
				BE7D9EB121DBB272002BBCDC /* AppDelegate.swift in Sources */,
			);
			runOnlyForDeploymentPostprocessing = 0;
		};
/* End PBXSourcesBuildPhase section */

/* Begin PBXVariantGroup section */
		BE7D9EB421DBB272002BBCDC /* Main.storyboard */ = {
			isa = PBXVariantGroup;
			children = (
				BE7D9EB521DBB272002BBCDC /* Base */,
			);
			name = Main.storyboard;
			sourceTree = "<group>";
		};
		BE7D9EB921DBB273002BBCDC /* LaunchScreen.storyboard */ = {
			isa = PBXVariantGroup;
			children = (
				BE7D9EBA21DBB273002BBCDC /* Base */,
			);
			name = LaunchScreen.storyboard;
			sourceTree = "<group>";
		};
/* End PBXVariantGroup section */

/* Begin XCBuildConfiguration section */
		BE7D9EBD21DBB273002BBCDC /* Debug */ = {
			isa = XCBuildConfiguration;
			buildSettings = {
				ALWAYS_SEARCH_USER_PATHS = NO;
				CLANG_ANALYZER_NONNULL = YES;
				CLANG_ANALYZER_NUMBER_OBJECT_CONVERSION = YES_AGGRESSIVE;
				CLANG_CXX_LANGUAGE_STANDARD = "gnu++14";
				CLANG_CXX_LIBRARY = "libc++";
				CLANG_ENABLE_MODULES = YES;
				CLANG_ENABLE_OBJC_ARC = YES;
				CLANG_ENABLE_OBJC_WEAK = YES;
				CLANG_WARN_BLOCK_CAPTURE_AUTORELEASING = YES;
				CLANG_WARN_BOOL_CONVERSION = YES;
				CLANG_WARN_COMMA = YES;
				CLANG_WARN_CONSTANT_CONVERSION = YES;
				CLANG_WARN_DEPRECATED_OBJC_IMPLEMENTATIONS = YES;
				CLANG_WARN_DIRECT_OBJC_ISA_USAGE = YES_ERROR;
				CLANG_WARN_DOCUMENTATION_COMMENTS = YES;
				CLANG_WARN_EMPTY_BODY = YES;
				CLANG_WARN_ENUM_CONVERSION = YES;
				CLANG_WARN_INFINITE_RECURSION = YES;
				CLANG_WARN_INT_CONVERSION = YES;
				CLANG_WARN_NON_LITERAL_NULL_CONVERSION = YES;
				CLANG_WARN_OBJC_IMPLICIT_RETAIN_SELF = YES;
				CLANG_WARN_OBJC_LITERAL_CONVERSION = YES;
				CLANG_WARN_OBJC_ROOT_CLASS = YES_ERROR;
				CLANG_WARN_RANGE_LOOP_ANALYSIS = YES;
				CLANG_WARN_STRICT_PROTOTYPES = YES;
				CLANG_WARN_SUSPICIOUS_MOVE = YES;
				CLANG_WARN_UNGUARDED_AVAILABILITY = YES_AGGRESSIVE;
				CLANG_WARN_UNREACHABLE_CODE = YES;
				CLANG_WARN__DUPLICATE_METHOD_MATCH = YES;
				CODE_SIGN_IDENTITY = "iPhone Developer";
				COPY_PHASE_STRIP = NO;
				DEBUG_INFORMATION_FORMAT = dwarf;
				ENABLE_STRICT_OBJC_MSGSEND = YES;
				ENABLE_TESTABILITY = YES;
				GCC_C_LANGUAGE_STANDARD = gnu11;
				GCC_DYNAMIC_NO_PIC = NO;
				GCC_NO_COMMON_BLOCKS = YES;
				GCC_OPTIMIZATION_LEVEL = 0;
				GCC_PREPROCESSOR_DEFINITIONS = (
					"DEBUG=1",
					"$(inherited)",
				);
				GCC_WARN_64_TO_32_BIT_CONVERSION = YES;
				GCC_WARN_ABOUT_RETURN_TYPE = YES_ERROR;
				GCC_WARN_UNDECLARED_SELECTOR = YES;
				GCC_WARN_UNINITIALIZED_AUTOS = YES_AGGRESSIVE;
				GCC_WARN_UNUSED_FUNCTION = YES;
				GCC_WARN_UNUSED_VARIABLE = YES;
				IPHONEOS_DEPLOYMENT_TARGET = 12.1;
				MTL_ENABLE_DEBUG_INFO = INCLUDE_SOURCE;
				MTL_FAST_MATH = YES;
				ONLY_ACTIVE_ARCH = YES;
				SDKROOT = iphoneos;
				SWIFT_ACTIVE_COMPILATION_CONDITIONS = DEBUG;
				SWIFT_OPTIMIZATION_LEVEL = "-Onone";
			};
			name = Debug;
		};
		BE7D9EBE21DBB273002BBCDC /* Release */ = {
			isa = XCBuildConfiguration;
			buildSettings = {
				ALWAYS_SEARCH_USER_PATHS = NO;
				CLANG_ANALYZER_NONNULL = YES;
				CLANG_ANALYZER_NUMBER_OBJECT_CONVERSION = YES_AGGRESSIVE;
				CLANG_CXX_LANGUAGE_STANDARD = "gnu++14";
				CLANG_CXX_LIBRARY = "libc++";
				CLANG_ENABLE_MODULES = YES;
				CLANG_ENABLE_OBJC_ARC = YES;
				CLANG_ENABLE_OBJC_WEAK = YES;
				CLANG_WARN_BLOCK_CAPTURE_AUTORELEASING = YES;
				CLANG_WARN_BOOL_CONVERSION = YES;
				CLANG_WARN_COMMA = YES;
				CLANG_WARN_CONSTANT_CONVERSION = YES;
				CLANG_WARN_DEPRECATED_OBJC_IMPLEMENTATIONS = YES;
				CLANG_WARN_DIRECT_OBJC_ISA_USAGE = YES_ERROR;
				CLANG_WARN_DOCUMENTATION_COMMENTS = YES;
				CLANG_WARN_EMPTY_BODY = YES;
				CLANG_WARN_ENUM_CONVERSION = YES;
				CLANG_WARN_INFINITE_RECURSION = YES;
				CLANG_WARN_INT_CONVERSION = YES;
				CLANG_WARN_NON_LITERAL_NULL_CONVERSION = YES;
				CLANG_WARN_OBJC_IMPLICIT_RETAIN_SELF = YES;
				CLANG_WARN_OBJC_LITERAL_CONVERSION = YES;
				CLANG_WARN_OBJC_ROOT_CLASS = YES_ERROR;
				CLANG_WARN_RANGE_LOOP_ANALYSIS = YES;
				CLANG_WARN_STRICT_PROTOTYPES = YES;
				CLANG_WARN_SUSPICIOUS_MOVE = YES;
				CLANG_WARN_UNGUARDED_AVAILABILITY = YES_AGGRESSIVE;
				CLANG_WARN_UNREACHABLE_CODE = YES;
				CLANG_WARN__DUPLICATE_METHOD_MATCH = YES;
				CODE_SIGN_IDENTITY = "iPhone Developer";
				COPY_PHASE_STRIP = NO;
				DEBUG_INFORMATION_FORMAT = "dwarf-with-dsym";
				ENABLE_NS_ASSERTIONS = NO;
				ENABLE_STRICT_OBJC_MSGSEND = YES;
				GCC_C_LANGUAGE_STANDARD = gnu11;
				GCC_NO_COMMON_BLOCKS = YES;
				GCC_WARN_64_TO_32_BIT_CONVERSION = YES;
				GCC_WARN_ABOUT_RETURN_TYPE = YES_ERROR;
				GCC_WARN_UNDECLARED_SELECTOR = YES;
				GCC_WARN_UNINITIALIZED_AUTOS = YES_AGGRESSIVE;
				GCC_WARN_UNUSED_FUNCTION = YES;
				GCC_WARN_UNUSED_VARIABLE = YES;
				IPHONEOS_DEPLOYMENT_TARGET = 12.1;
				MTL_ENABLE_DEBUG_INFO = NO;
				MTL_FAST_MATH = YES;
				SDKROOT = iphoneos;
				SWIFT_COMPILATION_MODE = wholemodule;
				SWIFT_OPTIMIZATION_LEVEL = "-O";
				VALIDATE_PRODUCT = YES;
			};
			name = Release;
		};
		BE7D9EC021DBB273002BBCDC /* Debug */ = {
			isa = XCBuildConfiguration;
			baseConfigurationReference = 5E54D147C1E3AEC3C61D6A8A /* Pods-Todo.debug.xcconfig */;
			buildSettings = {
				ASSETCATALOG_COMPILER_APPICON_NAME = AppIcon;
				CODE_SIGN_STYLE = Automatic;
				DEVELOPMENT_TEAM = L93F9QR9DR;
				INFOPLIST_FILE = Todo/Info.plist;
				LD_RUNPATH_SEARCH_PATHS = (
					"$(inherited)",
					"@executable_path/Frameworks",
				);
				PRODUCT_BUNDLE_IDENTIFIER = com.eldonjiang.Todo;
				PRODUCT_NAME = "$(TARGET_NAME)";
				SWIFT_VERSION = 4.2;
				TARGETED_DEVICE_FAMILY = "1,2";
			};
			name = Debug;
		};
		BE7D9EC121DBB273002BBCDC /* Release */ = {
			isa = XCBuildConfiguration;
			baseConfigurationReference = F7A5D892CD12C1EDBA735506 /* Pods-Todo.release.xcconfig */;
			buildSettings = {
				ASSETCATALOG_COMPILER_APPICON_NAME = AppIcon;
				CODE_SIGN_STYLE = Automatic;
				DEVELOPMENT_TEAM = L93F9QR9DR;
				INFOPLIST_FILE = Todo/Info.plist;
				LD_RUNPATH_SEARCH_PATHS = (
					"$(inherited)",
					"@executable_path/Frameworks",
				);
				PRODUCT_BUNDLE_IDENTIFIER = com.eldonjiang.Todo;
				PRODUCT_NAME = "$(TARGET_NAME)";
				SWIFT_VERSION = 4.2;
				TARGETED_DEVICE_FAMILY = "1,2";
			};
			name = Release;
		};
/* End XCBuildConfiguration section */

/* Begin XCConfigurationList section */
		BE7D9EA821DBB272002BBCDC /* Build configuration list for PBXProject "Todo" */ = {
			isa = XCConfigurationList;
			buildConfigurations = (
				BE7D9EBD21DBB273002BBCDC /* Debug */,
				BE7D9EBE21DBB273002BBCDC /* Release */,
			);
			defaultConfigurationIsVisible = 0;
			defaultConfigurationName = Release;
		};
		BE7D9EBF21DBB273002BBCDC /* Build configuration list for PBXNativeTarget "Todo" */ = {
			isa = XCConfigurationList;
			buildConfigurations = (
				BE7D9EC021DBB273002BBCDC /* Debug */,
				BE7D9EC121DBB273002BBCDC /* Release */,
			);
			defaultConfigurationIsVisible = 0;
			defaultConfigurationName = Release;
		};
/* End XCConfigurationList section */
	};
	rootObject = BE7D9EA521DBB272002BBCDC /* Project object */;
}
